github.com/cpuguy83/go-md2man/v2 v2.0.2/go.mod h1:tgQtvFlXSQOSOSIRvRPT7W67SCa46tRHOmNcaadrF8o=
github.com/inconshreveable/mousetrap v1.1.0 h1:wN+x4NVGpMsO7ErUn/mUI3vEoE6Jt13X2s0bqwp9tc8=
github.com/inconshreveable/mousetrap v1.1.0/go.mod h1:vpF70FUmC8bwa3OWnCshd2FqLfsEA9PFc4w1p2J65bw=
github.com/movsb/http2tcp v0.0.0-20241128163514-67908c137d09 h1:+jla4iS/zUBnJDWXIgwIf2IHKkOZ/QWU8eQuPVKEqQI=
github.com/movsb/http2tcp v0.0.0-20241128163514-67908c137d09/go.mod h1:72PHqKHSMlJ0v209MIb1m4kpXf8NpMtygwDm1O8pPsA=
github.com/movsb/http2tcp v0.0.0-20241128195554-60ac13c9164f h1:j9Gw2OcXsRz9zFuQ/4ITrjD00H6iBRjRlf0vzuSRvCE=
github.com/movsb/http2tcp v0.0.0-20241128195554-60ac13c9164f/go.mod h1:72PHqKHSMlJ0v209MIb1m4kpXf8NpMtygwDm1O8pPsA=
github.com/movsb/http2tcp v0.0.0-20241128200033-4091089bbd9f h1:80yDMsmpNMGrBxDNy88exi3jKrRxHlWqKRNAkt8SodE=
github.com/movsb/http2tcp v0.0.0-20241128200033-4091089bbd9f/go.mod h1:72PHqKHSMlJ0v209MIb1m4kpXf8NpMtygwDm1O8pPsA=
github.com/movsb/http2tcp v0.0.0-20241128200121-beabe90474bd h1:m6UqxMUSn3LdkI6qmXa4Wwel3hhPBiXfktzk+A36fAk=
github.com/movsb/http2tcp v0.0.0-20241128200121-beabe90474bd/go.mod h1:72PHqKHSMlJ0v209MIb1m4kpXf8NpMtygwDm1O8pPsA=
github.com/russross/blackfriday/v2 v2.1.0/go.mod h1:+Rmxgy9KzJVeS9/2gXHxylqXiyQDYRxCVz55jmeOWTM=
github.com/spf13/cobra v1.7.0 h1:hyqWnYt1ZQShIddO5kBpj3vu05/++x6tJ6dg8EC572I=
github.com/spf13/cobra v1.7.0/go.mod h1:uLxZILRyS/50WlhOIKD7W6V5bgeIt+4sICxh6uRMrb0=
github.com/spf13/pflag v1.0.5 h1:iy+VFUOCP1a+8yFto/drg2CJ5u0yRoB7fZw3DKv/JXA=
github.com/spf13/pflag v1.0.5/go.mod h1:McXfInJRrz4CZXVZOBLb0bTZqETkiAhM9Iw0y3An2Bg=
github.com/things-go/go-socks5 v0.0.5 h1:qvKaGcBkfDrUL33SchHN93srAmYGzb4CxSM2DPYufe8=
github.com/things-go/go-socks5 v0.0.5/go.mod h1:mtzInf8v5xmsBpHZVbIw2YQYhc4K0jRwzfsH64Uh0IQ=
github.com/xtaci/smux v1.5.32 h1:IDdOaJDf8jk5NHKlTw05ge+0rdMjnXg3cwHkss5Pbcw=
github.com/xtaci/smux v1.5.32/go.mod h1:OMlQbT5vcgl2gb49mFkYo6SMf+zP3rcjcwQz7ZU7IGY=
gopkg.in/check.v1 v0.0.0-20161208181325-20d25e280405/go.mod h1:Co6ibVJAznAaIkqp8huTwlJQCZ016jof/cbN4VW5Yz0=
gopkg.in/yaml.v3 v3.0.1/go.mod h1:K4uyk7z7BCEPqu6E+C64Yfv1cQ7kz7rIZviUmN+EgEM=
